// !$*UTF8*$!
{
	archiveVersion = 1;
	classes = {
	};
	objectVersion = 46;
	objects = {

/* Begin PBXBuildFile section */
		7E074805186C30DE0074CC6B /* SitecoreMobileSDK.framework in Frameworks */ = {isa = PBXBuildFile; fileRef = 7E074804186C30DE0074CC6B /* SitecoreMobileSDK.framework */; };
		7E074808186C31520074CC6B /* AddressBook.framework in Frameworks */ = {isa = PBXBuildFile; fileRef = 7E074806186C31520074CC6B /* AddressBook.framework */; };
		7E074809186C31520074CC6B /* AddressBookUI.framework in Frameworks */ = {isa = PBXBuildFile; fileRef = 7E074807186C31520074CC6B /* AddressBookUI.framework */; };
		7E07480B186C31580074CC6B /* MessageUI.framework in Frameworks */ = {isa = PBXBuildFile; fileRef = 7E07480A186C31580074CC6B /* MessageUI.framework */; };
		7E07480D186C315D0074CC6B /* MapKit.framework in Frameworks */ = {isa = PBXBuildFile; fileRef = 7E07480C186C315D0074CC6B /* MapKit.framework */; };
		7E074812186C316D0074CC6B /* CoreAudio.framework in Frameworks */ = {isa = PBXBuildFile; fileRef = 7E07480E186C316D0074CC6B /* CoreAudio.framework */; };
		7E074813186C316D0074CC6B /* CoreLocation.framework in Frameworks */ = {isa = PBXBuildFile; fileRef = 7E07480F186C316D0074CC6B /* CoreLocation.framework */; };
		7E074815186C316D0074CC6B /* CoreVideo.framework in Frameworks */ = {isa = PBXBuildFile; fileRef = 7E074811186C316D0074CC6B /* CoreVideo.framework */; };
		7E074818186C31780074CC6B /* libc++.dylib in Frameworks */ = {isa = PBXBuildFile; fileRef = 7E074816186C31780074CC6B /* libc++.dylib */; };
		7E074819186C31780074CC6B /* libstdc++.6.dylib in Frameworks */ = {isa = PBXBuildFile; fileRef = 7E074817186C31780074CC6B /* libstdc++.6.dylib */; };
		7E07481B186C317D0074CC6B /* libxml2.dylib in Frameworks */ = {isa = PBXBuildFile; fileRef = 7E07481A186C317D0074CC6B /* libxml2.dylib */; };
		7E07481D186C31820074CC6B /* libsqlite3.dylib in Frameworks */ = {isa = PBXBuildFile; fileRef = 7E07481C186C31820074CC6B /* libsqlite3.dylib */; };
		7E07481F186C31910074CC6B /* Social.framework in Frameworks */ = {isa = PBXBuildFile; fileRef = 7E07481E186C31910074CC6B /* Social.framework */; };
		7E074822186C31960074CC6B /* EventKit.framework in Frameworks */ = {isa = PBXBuildFile; fileRef = 7E074820186C31960074CC6B /* EventKit.framework */; };
		7E074823186C31960074CC6B /* EventKitUI.framework in Frameworks */ = {isa = PBXBuildFile; fileRef = 7E074821186C31960074CC6B /* EventKitUI.framework */; };
		7E074825186C31AC0074CC6B /* libiconv.dylib in Frameworks */ = {isa = PBXBuildFile; fileRef = 7E074824186C31AC0074CC6B /* libiconv.dylib */; };
		7E074827186C31B30074CC6B /* AVFoundation.framework in Frameworks */ = {isa = PBXBuildFile; fileRef = 7E074826186C31B30074CC6B /* AVFoundation.framework */; };
		7E074829186C31CB0074CC6B /* Twitter.framework in Frameworks */ = {isa = PBXBuildFile; fileRef = 7E074828186C31CB0074CC6B /* Twitter.framework */; };
		7E07482B186C31E90074CC6B /* libz.dylib in Frameworks */ = {isa = PBXBuildFile; fileRef = 7E07482A186C31E90074CC6B /* libz.dylib */; };
		7E07482D186C31F80074CC6B /* CoreMotion.framework in Frameworks */ = {isa = PBXBuildFile; fileRef = 7E07482C186C31F80074CC6B /* CoreMotion.framework */; };
		7E07482F186C32280074CC6B /* AudioToolbox.framework in Frameworks */ = {isa = PBXBuildFile; fileRef = 7E07482E186C32280074CC6B /* AudioToolbox.framework */; };
		7E074830186C32500074CC6B /* CoreMedia.framework in Frameworks */ = {isa = PBXBuildFile; fileRef = 7E074810186C316D0074CC6B /* CoreMedia.framework */; };
		7EA3C71F186C3025000C3A4E /* Foundation.framework in Frameworks */ = {isa = PBXBuildFile; fileRef = 7EA3C71E186C3025000C3A4E /* Foundation.framework */; };
		7EA3C721186C3025000C3A4E /* CoreGraphics.framework in Frameworks */ = {isa = PBXBuildFile; fileRef = 7EA3C720186C3025000C3A4E /* CoreGraphics.framework */; };
		7EA3C723186C3025000C3A4E /* UIKit.framework in Frameworks */ = {isa = PBXBuildFile; fileRef = 7EA3C722186C3025000C3A4E /* UIKit.framework */; };
		7EA3C729186C3025000C3A4E /* InfoPlist.strings in Resources */ = {isa = PBXBuildFile; fileRef = 7EA3C727186C3025000C3A4E /* InfoPlist.strings */; };
		7EA3C72B186C3025000C3A4E /* main.m in Sources */ = {isa = PBXBuildFile; fileRef = 7EA3C72A186C3025000C3A4E /* main.m */; };
		7EA3C72F186C3025000C3A4E /* AppDelegate.m in Sources */ = {isa = PBXBuildFile; fileRef = 7EA3C72E186C3025000C3A4E /* AppDelegate.m */; };
		7EA3C732186C3025000C3A4E /* Main.storyboard in Resources */ = {isa = PBXBuildFile; fileRef = 7EA3C730186C3025000C3A4E /* Main.storyboard */; };
		7EA3C735186C3025000C3A4E /* ViewController.m in Sources */ = {isa = PBXBuildFile; fileRef = 7EA3C734186C3025000C3A4E /* ViewController.m */; };
		7EA3C737186C3025000C3A4E /* Images.xcassets in Resources */ = {isa = PBXBuildFile; fileRef = 7EA3C736186C3025000C3A4E /* Images.xcassets */; };
		7EA3C73E186C3025000C3A4E /* XCTest.framework in Frameworks */ = {isa = PBXBuildFile; fileRef = 7EA3C73D186C3025000C3A4E /* XCTest.framework */; };
		7EA3C73F186C3025000C3A4E /* Foundation.framework in Frameworks */ = {isa = PBXBuildFile; fileRef = 7EA3C71E186C3025000C3A4E /* Foundation.framework */; };
		7EA3C740186C3025000C3A4E /* UIKit.framework in Frameworks */ = {isa = PBXBuildFile; fileRef = 7EA3C722186C3025000C3A4E /* UIKit.framework */; };
		7EA3C748186C3025000C3A4E /* InfoPlist.strings in Resources */ = {isa = PBXBuildFile; fileRef = 7EA3C746186C3025000C3A4E /* InfoPlist.strings */; };
		7EA3C74A186C3025000C3A4E /* RenderingBrowserDemoTests.m in Sources */ = {isa = PBXBuildFile; fileRef = 7EA3C749186C3025000C3A4E /* RenderingBrowserDemoTests.m */; };
/* End PBXBuildFile section */

/* Begin PBXContainerItemProxy section */
		7EA3C741186C3025000C3A4E /* PBXContainerItemProxy */ = {
			isa = PBXContainerItemProxy;
			containerPortal = 7EA3C713186C3025000C3A4E /* Project object */;
			proxyType = 1;
			remoteGlobalIDString = 7EA3C71A186C3025000C3A4E;
			remoteInfo = RenderingBrowserDemo;
		};
/* End PBXContainerItemProxy section */

/* Begin PBXFileReference section */
		7E074804186C30DE0074CC6B /* SitecoreMobileSDK.framework */ = {isa = PBXFileReference; lastKnownFileType = wrapper.framework; path = SitecoreMobileSDK.framework; sourceTree = "<group>"; };
		7E074806186C31520074CC6B /* AddressBook.framework */ = {isa = PBXFileReference; lastKnownFileType = wrapper.framework; name = AddressBook.framework; path = System/Library/Frameworks/AddressBook.framework; sourceTree = SDKROOT; };
		7E074807186C31520074CC6B /* AddressBookUI.framework */ = {isa = PBXFileReference; lastKnownFileType = wrapper.framework; name = AddressBookUI.framework; path = System/Library/Frameworks/AddressBookUI.framework; sourceTree = SDKROOT; };
		7E07480A186C31580074CC6B /* MessageUI.framework */ = {isa = PBXFileReference; lastKnownFileType = wrapper.framework; name = MessageUI.framework; path = System/Library/Frameworks/MessageUI.framework; sourceTree = SDKROOT; };
		7E07480C186C315D0074CC6B /* MapKit.framework */ = {isa = PBXFileReference; lastKnownFileType = wrapper.framework; name = MapKit.framework; path = System/Library/Frameworks/MapKit.framework; sourceTree = SDKROOT; };
		7E07480E186C316D0074CC6B /* CoreAudio.framework */ = {isa = PBXFileReference; lastKnownFileType = wrapper.framework; name = CoreAudio.framework; path = System/Library/Frameworks/CoreAudio.framework; sourceTree = SDKROOT; };
		7E07480F186C316D0074CC6B /* CoreLocation.framework */ = {isa = PBXFileReference; lastKnownFileType = wrapper.framework; name = CoreLocation.framework; path = System/Library/Frameworks/CoreLocation.framework; sourceTree = SDKROOT; };
		7E074810186C316D0074CC6B /* CoreMedia.framework */ = {isa = PBXFileReference; lastKnownFileType = wrapper.framework; name = CoreMedia.framework; path = System/Library/Frameworks/CoreMedia.framework; sourceTree = SDKROOT; };
		7E074811186C316D0074CC6B /* CoreVideo.framework */ = {isa = PBXFileReference; lastKnownFileType = wrapper.framework; name = CoreVideo.framework; path = System/Library/Frameworks/CoreVideo.framework; sourceTree = SDKROOT; };
		7E074816186C31780074CC6B /* libc++.dylib */ = {isa = PBXFileReference; lastKnownFileType = "compiled.mach-o.dylib"; name = "libc++.dylib"; path = "usr/lib/libc++.dylib"; sourceTree = SDKROOT; };
		7E074817186C31780074CC6B /* libstdc++.6.dylib */ = {isa = PBXFileReference; lastKnownFileType = "compiled.mach-o.dylib"; name = "libstdc++.6.dylib"; path = "usr/lib/libstdc++.6.dylib"; sourceTree = SDKROOT; };
		7E07481A186C317D0074CC6B /* libxml2.dylib */ = {isa = PBXFileReference; lastKnownFileType = "compiled.mach-o.dylib"; name = libxml2.dylib; path = usr/lib/libxml2.dylib; sourceTree = SDKROOT; };
		7E07481C186C31820074CC6B /* libsqlite3.dylib */ = {isa = PBXFileReference; lastKnownFileType = "compiled.mach-o.dylib"; name = libsqlite3.dylib; path = usr/lib/libsqlite3.dylib; sourceTree = SDKROOT; };
		7E07481E186C31910074CC6B /* Social.framework */ = {isa = PBXFileReference; lastKnownFileType = wrapper.framework; name = Social.framework; path = System/Library/Frameworks/Social.framework; sourceTree = SDKROOT; };
		7E074820186C31960074CC6B /* EventKit.framework */ = {isa = PBXFileReference; lastKnownFileType = wrapper.framework; name = EventKit.framework; path = System/Library/Frameworks/EventKit.framework; sourceTree = SDKROOT; };
		7E074821186C31960074CC6B /* EventKitUI.framework */ = {isa = PBXFileReference; lastKnownFileType = wrapper.framework; name = EventKitUI.framework; path = System/Library/Frameworks/EventKitUI.framework; sourceTree = SDKROOT; };
		7E074824186C31AC0074CC6B /* libiconv.dylib */ = {isa = PBXFileReference; lastKnownFileType = "compiled.mach-o.dylib"; name = libiconv.dylib; path = usr/lib/libiconv.dylib; sourceTree = SDKROOT; };
		7E074826186C31B30074CC6B /* AVFoundation.framework */ = {isa = PBXFileReference; lastKnownFileType = wrapper.framework; name = AVFoundation.framework; path = System/Library/Frameworks/AVFoundation.framework; sourceTree = SDKROOT; };
		7E074828186C31CB0074CC6B /* Twitter.framework */ = {isa = PBXFileReference; lastKnownFileType = wrapper.framework; name = Twitter.framework; path = System/Library/Frameworks/Twitter.framework; sourceTree = SDKROOT; };
		7E07482A186C31E90074CC6B /* libz.dylib */ = {isa = PBXFileReference; lastKnownFileType = "compiled.mach-o.dylib"; name = libz.dylib; path = usr/lib/libz.dylib; sourceTree = SDKROOT; };
		7E07482C186C31F80074CC6B /* CoreMotion.framework */ = {isa = PBXFileReference; lastKnownFileType = wrapper.framework; name = CoreMotion.framework; path = System/Library/Frameworks/CoreMotion.framework; sourceTree = SDKROOT; };
		7E07482E186C32280074CC6B /* AudioToolbox.framework */ = {isa = PBXFileReference; lastKnownFileType = wrapper.framework; name = AudioToolbox.framework; path = System/Library/Frameworks/AudioToolbox.framework; sourceTree = SDKROOT; };
		7EA3C71B186C3025000C3A4E /* RenderingBrowserDemo.app */ = {isa = PBXFileReference; explicitFileType = wrapper.application; includeInIndex = 0; path = RenderingBrowserDemo.app; sourceTree = BUILT_PRODUCTS_DIR; };
		7EA3C71E186C3025000C3A4E /* Foundation.framework */ = {isa = PBXFileReference; lastKnownFileType = wrapper.framework; name = Foundation.framework; path = System/Library/Frameworks/Foundation.framework; sourceTree = SDKROOT; };
		7EA3C720186C3025000C3A4E /* CoreGraphics.framework */ = {isa = PBXFileReference; lastKnownFileType = wrapper.framework; name = CoreGraphics.framework; path = System/Library/Frameworks/CoreGraphics.framework; sourceTree = SDKROOT; };
		7EA3C722186C3025000C3A4E /* UIKit.framework */ = {isa = PBXFileReference; lastKnownFileType = wrapper.framework; name = UIKit.framework; path = System/Library/Frameworks/UIKit.framework; sourceTree = SDKROOT; };
		7EA3C726186C3025000C3A4E /* RenderingBrowserDemo-Info.plist */ = {isa = PBXFileReference; lastKnownFileType = text.plist.xml; path = "RenderingBrowserDemo-Info.plist"; sourceTree = "<group>"; };
		7EA3C728186C3025000C3A4E /* en */ = {isa = PBXFileReference; lastKnownFileType = text.plist.strings; name = en; path = en.lproj/InfoPlist.strings; sourceTree = "<group>"; };
		7EA3C72A186C3025000C3A4E /* main.m */ = {isa = PBXFileReference; lastKnownFileType = sourcecode.c.objc; path = main.m; sourceTree = "<group>"; };
		7EA3C72C186C3025000C3A4E /* RenderingBrowserDemo-Prefix.pch */ = {isa = PBXFileReference; lastKnownFileType = sourcecode.c.h; path = "RenderingBrowserDemo-Prefix.pch"; sourceTree = "<group>"; };
		7EA3C72D186C3025000C3A4E /* AppDelegate.h */ = {isa = PBXFileReference; lastKnownFileType = sourcecode.c.h; path = AppDelegate.h; sourceTree = "<group>"; };
		7EA3C72E186C3025000C3A4E /* AppDelegate.m */ = {isa = PBXFileReference; lastKnownFileType = sourcecode.c.objc; path = AppDelegate.m; sourceTree = "<group>"; };
		7EA3C731186C3025000C3A4E /* Base */ = {isa = PBXFileReference; lastKnownFileType = file.storyboard; name = Base; path = Base.lproj/Main.storyboard; sourceTree = "<group>"; };
		7EA3C733186C3025000C3A4E /* ViewController.h */ = {isa = PBXFileReference; lastKnownFileType = sourcecode.c.h; path = ViewController.h; sourceTree = "<group>"; };
		7EA3C734186C3025000C3A4E /* ViewController.m */ = {isa = PBXFileReference; lastKnownFileType = sourcecode.c.objc; path = ViewController.m; sourceTree = "<group>"; };
		7EA3C736186C3025000C3A4E /* Images.xcassets */ = {isa = PBXFileReference; lastKnownFileType = folder.assetcatalog; path = Images.xcassets; sourceTree = "<group>"; };
		7EA3C73C186C3025000C3A4E /* RenderingBrowserDemoTests.xctest */ = {isa = PBXFileReference; explicitFileType = wrapper.cfbundle; includeInIndex = 0; path = RenderingBrowserDemoTests.xctest; sourceTree = BUILT_PRODUCTS_DIR; };
		7EA3C73D186C3025000C3A4E /* XCTest.framework */ = {isa = PBXFileReference; lastKnownFileType = wrapper.framework; name = XCTest.framework; path = Library/Frameworks/XCTest.framework; sourceTree = DEVELOPER_DIR; };
		7EA3C745186C3025000C3A4E /* RenderingBrowserDemoTests-Info.plist */ = {isa = PBXFileReference; lastKnownFileType = text.plist.xml; path = "RenderingBrowserDemoTests-Info.plist"; sourceTree = "<group>"; };
		7EA3C747186C3025000C3A4E /* en */ = {isa = PBXFileReference; lastKnownFileType = text.plist.strings; name = en; path = en.lproj/InfoPlist.strings; sourceTree = "<group>"; };
		7EA3C749186C3025000C3A4E /* RenderingBrowserDemoTests.m */ = {isa = PBXFileReference; lastKnownFileType = sourcecode.c.objc; path = RenderingBrowserDemoTests.m; sourceTree = "<group>"; };
/* End PBXFileReference section */

/* Begin PBXFrameworksBuildPhase section */
		7EA3C718186C3025000C3A4E /* Frameworks */ = {
			isa = PBXFrameworksBuildPhase;
			buildActionMask = 2147483647;
			files = (
				7E07482B186C31E90074CC6B /* libz.dylib in Frameworks */,
				7E074825186C31AC0074CC6B /* libiconv.dylib in Frameworks */,
				7E07481D186C31820074CC6B /* libsqlite3.dylib in Frameworks */,
				7E07481B186C317D0074CC6B /* libxml2.dylib in Frameworks */,
				7E074818186C31780074CC6B /* libc++.dylib in Frameworks */,
				7E074819186C31780074CC6B /* libstdc++.6.dylib in Frameworks */,
				7E074830186C32500074CC6B /* CoreMedia.framework in Frameworks */,
				7E07482F186C32280074CC6B /* AudioToolbox.framework in Frameworks */,
				7E07482D186C31F80074CC6B /* CoreMotion.framework in Frameworks */,
				7E074829186C31CB0074CC6B /* Twitter.framework in Frameworks */,
				7E074827186C31B30074CC6B /* AVFoundation.framework in Frameworks */,
				7E074822186C31960074CC6B /* EventKit.framework in Frameworks */,
				7E074823186C31960074CC6B /* EventKitUI.framework in Frameworks */,
				7E07481F186C31910074CC6B /* Social.framework in Frameworks */,
				7E074812186C316D0074CC6B /* CoreAudio.framework in Frameworks */,
				7E074813186C316D0074CC6B /* CoreLocation.framework in Frameworks */,
				7E074815186C316D0074CC6B /* CoreVideo.framework in Frameworks */,
				7EA3C721186C3025000C3A4E /* CoreGraphics.framework in Frameworks */,
				7E07480D186C315D0074CC6B /* MapKit.framework in Frameworks */,
				7E07480B186C31580074CC6B /* MessageUI.framework in Frameworks */,
				7E074808186C31520074CC6B /* AddressBook.framework in Frameworks */,
				7E074809186C31520074CC6B /* AddressBookUI.framework in Frameworks */,
				7EA3C723186C3025000C3A4E /* UIKit.framework in Frameworks */,
				7EA3C71F186C3025000C3A4E /* Foundation.framework in Frameworks */,
				7E074805186C30DE0074CC6B /* SitecoreMobileSDK.framework in Frameworks */,
			);
			runOnlyForDeploymentPostprocessing = 0;
		};
		7EA3C739186C3025000C3A4E /* Frameworks */ = {
			isa = PBXFrameworksBuildPhase;
			buildActionMask = 2147483647;
			files = (
				7EA3C73E186C3025000C3A4E /* XCTest.framework in Frameworks */,
				7EA3C740186C3025000C3A4E /* UIKit.framework in Frameworks */,
				7EA3C73F186C3025000C3A4E /* Foundation.framework in Frameworks */,
			);
			runOnlyForDeploymentPostprocessing = 0;
		};
/* End PBXFrameworksBuildPhase section */

/* Begin PBXGroup section */
		7EA3C712186C3025000C3A4E = {
			isa = PBXGroup;
			children = (
				7E074804186C30DE0074CC6B /* SitecoreMobileSDK.framework */,
				7EA3C724186C3025000C3A4E /* RenderingBrowserDemo */,
				7EA3C743186C3025000C3A4E /* RenderingBrowserDemoTests */,
				7EA3C71D186C3025000C3A4E /* Frameworks */,
				7EA3C71C186C3025000C3A4E /* Products */,
			);
			sourceTree = "<group>";
		};
		7EA3C71C186C3025000C3A4E /* Products */ = {
			isa = PBXGroup;
			children = (
				7EA3C71B186C3025000C3A4E /* RenderingBrowserDemo.app */,
				7EA3C73C186C3025000C3A4E /* RenderingBrowserDemoTests.xctest */,
			);
			name = Products;
			sourceTree = "<group>";
		};
		7EA3C71D186C3025000C3A4E /* Frameworks */ = {
			isa = PBXGroup;
			children = (
				7E07482E186C32280074CC6B /* AudioToolbox.framework */,
				7E07482C186C31F80074CC6B /* CoreMotion.framework */,
				7E07482A186C31E90074CC6B /* libz.dylib */,
				7E074828186C31CB0074CC6B /* Twitter.framework */,
				7E074826186C31B30074CC6B /* AVFoundation.framework */,
				7E074824186C31AC0074CC6B /* libiconv.dylib */,
				7E074820186C31960074CC6B /* EventKit.framework */,
				7E074821186C31960074CC6B /* EventKitUI.framework */,
				7E07481E186C31910074CC6B /* Social.framework */,
				7E07481C186C31820074CC6B /* libsqlite3.dylib */,
				7E07481A186C317D0074CC6B /* libxml2.dylib */,
				7E074816186C31780074CC6B /* libc++.dylib */,
				7E074817186C31780074CC6B /* libstdc++.6.dylib */,
				7E07480E186C316D0074CC6B /* CoreAudio.framework */,
				7E07480F186C316D0074CC6B /* CoreLocation.framework */,
				7E074810186C316D0074CC6B /* CoreMedia.framework */,
				7E074811186C316D0074CC6B /* CoreVideo.framework */,
				7E07480C186C315D0074CC6B /* MapKit.framework */,
				7E07480A186C31580074CC6B /* MessageUI.framework */,
				7E074806186C31520074CC6B /* AddressBook.framework */,
				7E074807186C31520074CC6B /* AddressBookUI.framework */,
				7EA3C71E186C3025000C3A4E /* Foundation.framework */,
				7EA3C720186C3025000C3A4E /* CoreGraphics.framework */,
				7EA3C722186C3025000C3A4E /* UIKit.framework */,
				7EA3C73D186C3025000C3A4E /* XCTest.framework */,
			);
			name = Frameworks;
			sourceTree = "<group>";
		};
		7EA3C724186C3025000C3A4E /* RenderingBrowserDemo */ = {
			isa = PBXGroup;
			children = (
				7EA3C72D186C3025000C3A4E /* AppDelegate.h */,
				7EA3C72E186C3025000C3A4E /* AppDelegate.m */,
				7EA3C730186C3025000C3A4E /* Main.storyboard */,
				7EA3C733186C3025000C3A4E /* ViewController.h */,
				7EA3C734186C3025000C3A4E /* ViewController.m */,
				7EA3C736186C3025000C3A4E /* Images.xcassets */,
				7EA3C725186C3025000C3A4E /* Supporting Files */,
			);
			path = RenderingBrowserDemo;
			sourceTree = "<group>";
		};
		7EA3C725186C3025000C3A4E /* Supporting Files */ = {
			isa = PBXGroup;
			children = (
				7EA3C726186C3025000C3A4E /* RenderingBrowserDemo-Info.plist */,
				7EA3C727186C3025000C3A4E /* InfoPlist.strings */,
				7EA3C72A186C3025000C3A4E /* main.m */,
				7EA3C72C186C3025000C3A4E /* RenderingBrowserDemo-Prefix.pch */,
			);
			name = "Supporting Files";
			sourceTree = "<group>";
		};
		7EA3C743186C3025000C3A4E /* RenderingBrowserDemoTests */ = {
			isa = PBXGroup;
			children = (
				7EA3C749186C3025000C3A4E /* RenderingBrowserDemoTests.m */,
				7EA3C744186C3025000C3A4E /* Supporting Files */,
			);
			path = RenderingBrowserDemoTests;
			sourceTree = "<group>";
		};
		7EA3C744186C3025000C3A4E /* Supporting Files */ = {
			isa = PBXGroup;
			children = (
				7EA3C745186C3025000C3A4E /* RenderingBrowserDemoTests-Info.plist */,
				7EA3C746186C3025000C3A4E /* InfoPlist.strings */,
			);
			name = "Supporting Files";
			sourceTree = "<group>";
		};
/* End PBXGroup section */

/* Begin PBXNativeTarget section */
		7EA3C71A186C3025000C3A4E /* RenderingBrowserDemo */ = {
			isa = PBXNativeTarget;
			buildConfigurationList = 7EA3C74D186C3025000C3A4E /* Build configuration list for PBXNativeTarget "RenderingBrowserDemo" */;
			buildPhases = (
				7EA3C717186C3025000C3A4E /* Sources */,
				7EA3C718186C3025000C3A4E /* Frameworks */,
				7EA3C719186C3025000C3A4E /* Resources */,
			);
			buildRules = (
			);
			dependencies = (
			);
			name = RenderingBrowserDemo;
			productName = RenderingBrowserDemo;
			productReference = 7EA3C71B186C3025000C3A4E /* RenderingBrowserDemo.app */;
			productType = "com.apple.product-type.application";
		};
		7EA3C73B186C3025000C3A4E /* RenderingBrowserDemoTests */ = {
			isa = PBXNativeTarget;
			buildConfigurationList = 7EA3C750186C3025000C3A4E /* Build configuration list for PBXNativeTarget "RenderingBrowserDemoTests" */;
			buildPhases = (
				7EA3C738186C3025000C3A4E /* Sources */,
				7EA3C739186C3025000C3A4E /* Frameworks */,
				7EA3C73A186C3025000C3A4E /* Resources */,
			);
			buildRules = (
			);
			dependencies = (
				7EA3C742186C3025000C3A4E /* PBXTargetDependency */,
			);
			name = RenderingBrowserDemoTests;
			productName = RenderingBrowserDemoTests;
			productReference = 7EA3C73C186C3025000C3A4E /* RenderingBrowserDemoTests.xctest */;
			productType = "com.apple.product-type.bundle.unit-test";
		};
/* End PBXNativeTarget section */

/* Begin PBXProject section */
		7EA3C713186C3025000C3A4E /* Project object */ = {
			isa = PBXProject;
			attributes = {
				LastUpgradeCheck = 0500;
				ORGANIZATIONNAME = Sitecore;
				TargetAttributes = {
					7EA3C73B186C3025000C3A4E = {
						TestTargetID = 7EA3C71A186C3025000C3A4E;
					};
				};
			};
			buildConfigurationList = 7EA3C716186C3025000C3A4E /* Build configuration list for PBXProject "RenderingBrowserDemo" */;
			compatibilityVersion = "Xcode 3.2";
			developmentRegion = English;
			hasScannedForEncodings = 0;
			knownRegions = (
				en,
				Base,
			);
			mainGroup = 7EA3C712186C3025000C3A4E;
			productRefGroup = 7EA3C71C186C3025000C3A4E /* Products */;
			projectDirPath = "";
			projectRoot = "";
			targets = (
				7EA3C71A186C3025000C3A4E /* RenderingBrowserDemo */,
				7EA3C73B186C3025000C3A4E /* RenderingBrowserDemoTests */,
			);
		};
/* End PBXProject section */

/* Begin PBXResourcesBuildPhase section */
		7EA3C719186C3025000C3A4E /* Resources */ = {
			isa = PBXResourcesBuildPhase;
			buildActionMask = 2147483647;
			files = (
				7EA3C737186C3025000C3A4E /* Images.xcassets in Resources */,
				7EA3C729186C3025000C3A4E /* InfoPlist.strings in Resources */,
				7EA3C732186C3025000C3A4E /* Main.storyboard in Resources */,
			);
			runOnlyForDeploymentPostprocessing = 0;
		};
		7EA3C73A186C3025000C3A4E /* Resources */ = {
			isa = PBXResourcesBuildPhase;
			buildActionMask = 2147483647;
			files = (
				7EA3C748186C3025000C3A4E /* InfoPlist.strings in Resources */,
			);
			runOnlyForDeploymentPostprocessing = 0;
		};
/* End PBXResourcesBuildPhase section */

/* Begin PBXSourcesBuildPhase section */
		7EA3C717186C3025000C3A4E /* Sources */ = {
			isa = PBXSourcesBuildPhase;
			buildActionMask = 2147483647;
			files = (
				7EA3C735186C3025000C3A4E /* ViewController.m in Sources */,
				7EA3C72F186C3025000C3A4E /* AppDelegate.m in Sources */,
				7EA3C72B186C3025000C3A4E /* main.m in Sources */,
			);
			runOnlyForDeploymentPostprocessing = 0;
		};
		7EA3C738186C3025000C3A4E /* Sources */ = {
			isa = PBXSourcesBuildPhase;
			buildActionMask = 2147483647;
			files = (
				7EA3C74A186C3025000C3A4E /* RenderingBrowserDemoTests.m in Sources */,
			);
			runOnlyForDeploymentPostprocessing = 0;
		};
/* End PBXSourcesBuildPhase section */

/* Begin PBXTargetDependency section */
		7EA3C742186C3025000C3A4E /* PBXTargetDependency */ = {
			isa = PBXTargetDependency;
			target = 7EA3C71A186C3025000C3A4E /* RenderingBrowserDemo */;
			targetProxy = 7EA3C741186C3025000C3A4E /* PBXContainerItemProxy */;
		};
/* End PBXTargetDependency section */

/* Begin PBXVariantGroup section */
		7EA3C727186C3025000C3A4E /* InfoPlist.strings */ = {
			isa = PBXVariantGroup;
			children = (
				7EA3C728186C3025000C3A4E /* en */,
			);
			name = InfoPlist.strings;
			sourceTree = "<group>";
		};
		7EA3C730186C3025000C3A4E /* Main.storyboard */ = {
			isa = PBXVariantGroup;
			children = (
				7EA3C731186C3025000C3A4E /* Base */,
			);
			name = Main.storyboard;
			sourceTree = "<group>";
		};
		7EA3C746186C3025000C3A4E /* InfoPlist.strings */ = {
			isa = PBXVariantGroup;
			children = (
				7EA3C747186C3025000C3A4E /* en */,
			);
			name = InfoPlist.strings;
			sourceTree = "<group>";
		};
/* End PBXVariantGroup section */

/* Begin XCBuildConfiguration section */
		7EA3C74B186C3025000C3A4E /* Debug */ = {
			isa = XCBuildConfiguration;
			buildSettings = {
				ALWAYS_SEARCH_USER_PATHS = NO;
				ARCHS = "$(ARCHS_STANDARD_INCLUDING_64_BIT)";
				CLANG_CXX_LANGUAGE_STANDARD = "gnu++0x";
				CLANG_CXX_LIBRARY = "libc++";
				CLANG_ENABLE_MODULES = YES;
				CLANG_ENABLE_OBJC_ARC = YES;
				CLANG_WARN_BOOL_CONVERSION = YES;
				CLANG_WARN_CONSTANT_CONVERSION = YES;
				CLANG_WARN_DIRECT_OBJC_ISA_USAGE = YES_ERROR;
				CLANG_WARN_EMPTY_BODY = YES;
				CLANG_WARN_ENUM_CONVERSION = YES;
				CLANG_WARN_INT_CONVERSION = YES;
				CLANG_WARN_OBJC_ROOT_CLASS = YES_ERROR;
				CLANG_WARN__DUPLICATE_METHOD_MATCH = YES;
				"CODE_SIGN_IDENTITY[sdk=iphoneos*]" = "iPhone Developer";
				COPY_PHASE_STRIP = NO;
				GCC_C_LANGUAGE_STANDARD = gnu99;
				GCC_DYNAMIC_NO_PIC = NO;
				GCC_OPTIMIZATION_LEVEL = 0;
				GCC_PREPROCESSOR_DEFINITIONS = (
					"DEBUG=1",
					"$(inherited)",
				);
				GCC_SYMBOLS_PRIVATE_EXTERN = NO;
				GCC_WARN_64_TO_32_BIT_CONVERSION = YES;
				GCC_WARN_ABOUT_RETURN_TYPE = YES_ERROR;
				GCC_WARN_UNDECLARED_SELECTOR = YES;
				GCC_WARN_UNINITIALIZED_AUTOS = YES;
				GCC_WARN_UNUSED_FUNCTION = YES;
				GCC_WARN_UNUSED_VARIABLE = YES;
				IPHONEOS_DEPLOYMENT_TARGET = 7.0;
				ONLY_ACTIVE_ARCH = YES;
				OTHER_LDFLAGS = "-all_load";
				SDKROOT = iphoneos;
			};
			name = Debug;
		};
		7EA3C74C186C3025000C3A4E /* Release */ = {
			isa = XCBuildConfiguration;
			buildSettings = {
				ALWAYS_SEARCH_USER_PATHS = NO;
				ARCHS = "$(ARCHS_STANDARD_INCLUDING_64_BIT)";
				CLANG_CXX_LANGUAGE_STANDARD = "gnu++0x";
				CLANG_CXX_LIBRARY = "libc++";
				CLANG_ENABLE_MODULES = YES;
				CLANG_ENABLE_OBJC_ARC = YES;
				CLANG_WARN_BOOL_CONVERSION = YES;
				CLANG_WARN_CONSTANT_CONVERSION = YES;
				CLANG_WARN_DIRECT_OBJC_ISA_USAGE = YES_ERROR;
				CLANG_WARN_EMPTY_BODY = YES;
				CLANG_WARN_ENUM_CONVERSION = YES;
				CLANG_WARN_INT_CONVERSION = YES;
				CLANG_WARN_OBJC_ROOT_CLASS = YES_ERROR;
				CLANG_WARN__DUPLICATE_METHOD_MATCH = YES;
				"CODE_SIGN_IDENTITY[sdk=iphoneos*]" = "iPhone Developer";
				COPY_PHASE_STRIP = YES;
				ENABLE_NS_ASSERTIONS = NO;
				GCC_C_LANGUAGE_STANDARD = gnu99;
				GCC_WARN_64_TO_32_BIT_CONVERSION = YES;
				GCC_WARN_ABOUT_RETURN_TYPE = YES_ERROR;
				GCC_WARN_UNDECLARED_SELECTOR = YES;
				GCC_WARN_UNINITIALIZED_AUTOS = YES;
				GCC_WARN_UNUSED_FUNCTION = YES;
				GCC_WARN_UNUSED_VARIABLE = YES;
				IPHONEOS_DEPLOYMENT_TARGET = 7.0;
				OTHER_LDFLAGS = "-all_load";
				SDKROOT = iphoneos;
				VALIDATE_PRODUCT = YES;
			};
			name = Release;
		};
		7EA3C74E186C3025000C3A4E /* Debug */ = {
			isa = XCBuildConfiguration;
			buildSettings = {
				ASSETCATALOG_COMPILER_APPICON_NAME = AppIcon;
				ASSETCATALOG_COMPILER_LAUNCHIMAGE_NAME = LaunchImage;
				FRAMEWORK_SEARCH_PATHS = (
					"$(inherited)",
					.,
				);
				GCC_PRECOMPILE_PREFIX_HEADER = YES;
				GCC_PREFIX_HEADER = "RenderingBrowserDemo/RenderingBrowserDemo-Prefix.pch";
				INFOPLIST_FILE = "RenderingBrowserDemo/RenderingBrowserDemo-Info.plist";
				PRODUCT_NAME = "$(TARGET_NAME)";
				WRAPPER_EXTENSION = app;
			};
			name = Debug;
		};
		7EA3C74F186C3025000C3A4E /* Release */ = {
			isa = XCBuildConfiguration;
			buildSettings = {
				ASSETCATALOG_COMPILER_APPICON_NAME = AppIcon;
				ASSETCATALOG_COMPILER_LAUNCHIMAGE_NAME = LaunchImage;
				FRAMEWORK_SEARCH_PATHS = (
					"$(inherited)",
					.,
				);
				GCC_PRECOMPILE_PREFIX_HEADER = YES;
				GCC_PREFIX_HEADER = "RenderingBrowserDemo/RenderingBrowserDemo-Prefix.pch";
				INFOPLIST_FILE = "RenderingBrowserDemo/RenderingBrowserDemo-Info.plist";
				PRODUCT_NAME = "$(TARGET_NAME)";
				WRAPPER_EXTENSION = app;
			};
			name = Release;
		};
		7EA3C751186C3025000C3A4E /* Debug */ = {
			isa = XCBuildConfiguration;
			buildSettings = {
				ARCHS = "$(ARCHS_STANDARD_INCLUDING_64_BIT)";
				BUNDLE_LOADER = "$(BUILT_PRODUCTS_DIR)/RenderingBrowserDemo.app/RenderingBrowserDemo";
				FRAMEWORK_SEARCH_PATHS = (
					"$(SDKROOT)/Developer/Library/Frameworks",
					"$(inherited)",
					"$(DEVELOPER_FRAMEWORKS_DIR)",
				);
				GCC_PRECOMPILE_PREFIX_HEADER = YES;
				GCC_PREFIX_HEADER = "RenderingBrowserDemo/RenderingBrowserDemo-Prefix.pch";
				GCC_PREPROCESSOR_DEFINITIONS = (
					"DEBUG=1",
					"$(inherited)",
				);
				INFOPLIST_FILE = "RenderingBrowserDemoTests/RenderingBrowserDemoTests-Info.plist";
				PRODUCT_NAME = "$(TARGET_NAME)";
				TEST_HOST = "$(BUNDLE_LOADER)";
				WRAPPER_EXTENSION = xctest;
			};
			name = Debug;
		};
		7EA3C752186C3025000C3A4E /* Release */ = {
			isa = XCBuildConfiguration;
			buildSettings = {
				ARCHS = "$(ARCHS_STANDARD_INCLUDING_64_BIT)";
				BUNDLE_LOADER = "$(BUILT_PRODUCTS_DIR)/RenderingBrowserDemo.app/RenderingBrowserDemo";
				FRAMEWORK_SEARCH_PATHS = (
					"$(SDKROOT)/Developer/Library/Frameworks",
					"$(inherited)",
					"$(DEVELOPER_FRAMEWORKS_DIR)",
				);
				GCC_PRECOMPILE_PREFIX_HEADER = YES;
				GCC_PREFIX_HEADER = "RenderingBrowserDemo/RenderingBrowserDemo-Prefix.pch";
				INFOPLIST_FILE = "RenderingBrowserDemoTests/RenderingBrowserDemoTests-Info.plist";
				PRODUCT_NAME = "$(TARGET_NAME)";
				TEST_HOST = "$(BUNDLE_LOADER)";
				WRAPPER_EXTENSION = xctest;
			};
			name = Release;
		};
/* End XCBuildConfiguration section */

/* Begin XCConfigurationList section */
		7EA3C716186C3025000C3A4E /* Build configuration list for PBXProject "RenderingBrowserDemo" */ = {
			isa = XCConfigurationList;
			buildConfigurations = (
				7EA3C74B186C3025000C3A4E /* Debug */,
				7EA3C74C186C3025000C3A4E /* Release */,
			);
			defaultConfigurationIsVisible = 0;
			defaultConfigurationName = Release;
		};
		7EA3C74D186C3025000C3A4E /* Build configuration list for PBXNativeTarget "RenderingBrowserDemo" */ = {
			isa = XCConfigurationList;
			buildConfigurations = (
				7EA3C74E186C3025000C3A4E /* Debug */,
				7EA3C74F186C3025000C3A4E /* Release */,
			);
			defaultConfigurationIsVisible = 0;
			defaultConfigurationName = Release;
		};
		7EA3C750186C3025000C3A4E /* Build configuration list for PBXNativeTarget "RenderingBrowserDemoTests" */ = {
			isa = XCConfigurationList;
			buildConfigurations = (
				7EA3C751186C3025000C3A4E /* Debug */,
				7EA3C752186C3025000C3A4E /* Release */,
			);
			defaultConfigurationIsVisible = 0;
			defaultConfigurationName = Release;
		};
/* End XCConfigurationList section */
	};
	rootObject = 7EA3C713186C3025000C3A4E /* Project object */;
}
